
Microsoft Visual Studio Solution File, Format Version 12.00
# Visual Studio Version 16
VisualStudioVersion = 16.0.31205.134
MinimumVisualStudioVersion = 10.0.40219.1
Project("{FAE04EC0-301F-11D3-BF4B-00C04F79EFBC}") = "DataModel", "DataModel\DataModel.csproj", "{819390FC-BDBE-43A6-8C29-054F968A08E6}"
EndProject
Project("{FAE04EC0-301F-11D3-BF4B-00C04F79EFBC}") = "QualifWorksClient", "QualifWorksClient\QualifWorksClient.csproj", "{A2CAEC88-0E98-44C4-ACA0-9FC0C142EA38}"
EndProject
Project("{FAE04EC0-301F-11D3-BF4B-00C04F79EFBC}") = "WebApp", "WebApp\WebApp.csproj", "{B02A2496-2C29-493D-AED7-FE0A61A5FCB8}"
EndProject
Global
	GlobalSection(SolutionConfigurationPlatforms) = preSolution
		Debug|Any CPU = Debug|Any CPU
		Release|Any CPU = Release|Any CPU
	EndGlobalSection
	GlobalSection(ProjectConfigurationPlatforms) = postSolution
		{819390FC-BDBE-43A6-8C29-054F968A08E6}.Debug|Any CPU.ActiveCfg = Debug|Any CPU
		{819390FC-BDBE-43A6-8C29-054F968A08E6}.Debug|Any CPU.Build.0 = Debug|Any CPU
		{819390FC-BDBE-43A6-8C29-054F968A08E6}.Release|Any CPU.ActiveCfg = Release|Any CPU
		{819390FC-BDBE-43A6-8C29-054F968A08E6}.Release|Any CPU.Build.0 = Release|Any CPU
		{A2CAEC88-0E98-44C4-ACA0-9FC0C142EA38}.Debug|Any CPU.ActiveCfg = Debug|Any CPU
		{A2CAEC88-0E98-44C4-ACA0-9FC0C142EA38}.Debug|Any CPU.Build.0 = Debug|Any CPU
		{A2CAEC88-0E98-44C4-ACA0-9FC0C142EA38}.Release|Any CPU.ActiveCfg = Release|Any CPU
		{A2CAEC88-0E98-44C4-ACA0-9FC0C142EA38}.Release|Any CPU.Build.0 = Release|Any CPU
		{B02A2496-2C29-493D-AED7-FE0A61A5FCB8}.Debug|Any CPU.ActiveCfg = Debug|Any CPU
		{B02A2496-2C29-493D-AED7-FE0A61A5FCB8}.Debug|Any CPU.Build.0 = Debug|Any CPU
		{B02A2496-2C29-493D-AED7-FE0A61A5FCB8}.Release|Any CPU.ActiveCfg = Release|Any CPU
		{B02A2496-2C29-493D-AED7-FE0A61A5FCB8}.Release|Any CPU.Build.0 = Release|Any CPU
	EndGlobalSection
	GlobalSection(SolutionProperties) = preSolution
		HideSolutionNode = FALSE
	EndGlobalSection
	GlobalSection(ExtensibilityGlobals) = postSolution
		SolutionGuid = {39C31726-A2C1-45D5-B769-F6DE180DB006}
	EndGlobalSection
EndGlobal
